github.com/google/uuid v1.6.0 h1:NIvaJDMOsjHA8n1jAhLSgzrAzy1Hgr+hNrb57e+94F0=
github.com/google/uuid v1.6.0/go.mod h1:TIyPZe4MgqvfeYDBFedMoGGpEw/LqOeaOT+nhxU+yHo=
github.com/io-da/schedule v1.1.3 h1:zz38RlaliLz4KFOQmELCE5CIuzg4IPx5rYBB+Wg+nsI=
github.com/io-da/schedule v1.1.3/go.mod h1:5yfF28HYLrTCMZ7OaZbIys6XxqQfEZzfvDbxTSHR08o=
